
Microsoft Visual Studio Solution File, Format Version 12.00
# Visual Studio 14
VisualStudioVersion = 14.0.25420.1
MinimumVisualStudioVersion = 10.0.40219.1
Project("{8BC9CEB8-8B4A-11D0-8D11-00A0C91BC942}") = "FastGaussianBlurGPU", "FastGaussianBlurGPU\FastGaussianBlurGPU.vcxproj", "{5E6A4397-2F1C-4626-A577-86A961FC8725}"
EndProject
Project("{8BC9CEB8-8B4A-11D0-8D11-00A0C91BC942}") = "FastGaussianBlurCPU", "FastGaussianBlurCPU\FastGaussianBlurCPU.vcxproj", "{AB6BCFCA-A676-46D7-87CC-54FE36B06327}"
EndProject
Global
	GlobalSection(SolutionConfigurationPlatforms) = preSolution
		Debug|x64 = Debug|x64
		Debug|x86 = Debug|x86
		Release|x64 = Release|x64
		Release|x86 = Release|x86
	EndGlobalSection
	GlobalSection(ProjectConfigurationPlatforms) = postSolution
		{5E6A4397-2F1C-4626-A577-86A961FC8725}.Debug|x64.ActiveCfg = Debug|x64
		{5E6A4397-2F1C-4626-A577-86A961FC8725}.Debug|x64.Build.0 = Debug|x64
		{5E6A4397-2F1C-4626-A577-86A961FC8725}.Debug|x86.ActiveCfg = Debug|Win32
		{5E6A4397-2F1C-4626-A577-86A961FC8725}.Debug|x86.Build.0 = Debug|Win32
		{5E6A4397-2F1C-4626-A577-86A961FC8725}.Release|x64.ActiveCfg = Release|x64
		{5E6A4397-2F1C-4626-A577-86A961FC8725}.Release|x64.Build.0 = Release|x64
		{5E6A4397-2F1C-4626-A577-86A961FC8725}.Release|x86.ActiveCfg = Release|Win32
		{5E6A4397-2F1C-4626-A577-86A961FC8725}.Release|x86.Build.0 = Release|Win32
		{AB6BCFCA-A676-46D7-87CC-54FE36B06327}.Debug|x64.ActiveCfg = Debug|x64
		{AB6BCFCA-A676-46D7-87CC-54FE36B06327}.Debug|x64.Build.0 = Debug|x64
		{AB6BCFCA-A676-46D7-87CC-54FE36B06327}.Debug|x86.ActiveCfg = Debug|Win32
		{AB6BCFCA-A676-46D7-87CC-54FE36B06327}.Debug|x86.Build.0 = Debug|Win32
		{AB6BCFCA-A676-46D7-87CC-54FE36B06327}.Release|x64.ActiveCfg = Release|x64
		{AB6BCFCA-A676-46D7-87CC-54FE36B06327}.Release|x64.Build.0 = Release|x64
		{AB6BCFCA-A676-46D7-87CC-54FE36B06327}.Release|x86.ActiveCfg = Release|Win32
		{AB6BCFCA-A676-46D7-87CC-54FE36B06327}.Release|x86.Build.0 = Release|Win32
	EndGlobalSection
	GlobalSection(SolutionProperties) = preSolution
		HideSolutionNode = FALSE
	EndGlobalSection
EndGlobal
